# This file is automatically @generated by Cargo.
# It is not intended for manual editing.
version = 3

[[package]]
name = "aligned"
version = "0.4.2"
source = "registry+https://github.com/rust-lang/crates.io-index"
checksum = "377e4c0ba83e4431b10df45c1d4666f178ea9c552cac93e60c3a88bf32785923"
dependencies = [
 "as-slice",
]

[[package]]
name = "as-slice"
version = "0.2.1"
source = "registry+https://github.com/rust-lang/crates.io-index"
checksum = "516b6b4f0e40d50dcda9365d53964ec74560ad4284da2e7fc97122cd83174516"
dependencies = [
 "stable_deref_trait",
]

[[package]]
name = "block-device-driver"
version = "0.2.0"
source = "git+https://github.com/MabezDev/embedded-fatfs?rev=d09db27f9e232442f8a874dd90508690e2d5e3f8#d09db27f9e232442f8a874dd90508690e2d5e3f8"
dependencies = [
 "aligned",
]

[[package]]
name = "embassy-futures"
version = "0.1.1"
source = "registry+https://github.com/rust-lang/crates.io-index"
checksum = "1f878075b9794c1e4ac788c95b728f26aa6366d32eeb10c7051389f898f7d067"

[[package]]
name = "embedded-hal"
version = "1.0.0"
source = "registry+https://github.com/rust-lang/crates.io-index"
checksum = "361a90feb7004eca4019fb28352a9465666b24f840f5c3cddf0ff13920590b89"

[[package]]
name = "embedded-hal-async"
version = "1.0.0"
source = "registry+https://github.com/rust-lang/crates.io-index"
checksum = "0c4c685bbef7fe13c3c6dd4da26841ed3980ef33e841cddfa15ce8a8fb3f1884"
dependencies = [
 "embedded-hal",
]

[[package]]
name = "embedded-storage"
version = "0.3.1"
source = "registry+https://github.com/rust-lang/crates.io-index"
checksum = "a21dea9854beb860f3062d10228ce9b976da520a73474aed3171ec276bc0c032"

[[package]]
name = "embedded-storage-async"
version = "0.4.1"
source = "registry+https://github.com/rust-lang/crates.io-index"
checksum = "1763775e2323b7d5f0aa6090657f5e21cfa02ede71f5dc40eead06d64dcd15cc"
dependencies = [
 "embedded-storage",
]

[[package]]
name = "embedded-storage-sd-spi"
version = "0.1.0"
dependencies = [
 "aligned",
 "block-device-driver",
 "embedded-hal-async",
 "embedded-storage",
 "embedded-storage-async",
 "sdspi",
 "sequential-storage",
]

[[package]]
name = "sdio-host"
version = "0.9.0"
source = "registry+https://github.com/rust-lang/crates.io-index"
checksum = "b328e2cb950eeccd55b7f55c3a963691455dcd044cfb5354f0c5e68d2c2d6ee2"

[[package]]
name = "sdspi"
version = "0.1.0"
source = "git+https://github.com/MabezDev/embedded-fatfs?rev=d09db27f9e232442f8a874dd90508690e2d5e3f8#d09db27f9e232442f8a874dd90508690e2d5e3f8"
dependencies = [
 "aligned",
 "block-device-driver",
 "embassy-futures",
 "embedded-hal",
 "embedded-hal-async",
 "sdio-host",
]

[[package]]
name = "sequential-storage"
version = "2.0.2"
source = "registry+https://github.com/rust-lang/crates.io-index"
checksum = "8d25123e754473ed08bcc4e0ef61f0a733662872885e533ffdf03771119712fc"
dependencies = [
 "embedded-storage-async",
]

[[package]]
name = "stable_deref_trait"
version = "1.2.0"
source = "registry+https://github.com/rust-lang/crates.io-index"
checksum = "a8f112729512f8e442d81f95a8a7ddf2b7c6b8a1a6f509a95864142b30cab2d3"
